{
  "name": "node-js-express-template",
  "version": "1.0.0",
  "lockfileVersion": 1,
  "requires": true,
  "dependencies": {
    "@babel/helper-plugin-utils": {
      "version": "7.8.3",
      "resolved": "https://registry.npmjs.org/@babel/helper-plugin-utils/-/helper-plugin-utils-7.8.3.tgz",
      "integrity": "sha512-j+fq49Xds2smCUNYmEHF9kGNkhbet6yVIBp4e6oeQpH1RUs/Ir06xUKzDjDkGcaaokPiTNs2JBWHjaE4csUkZQ==",
      "dev": true
    },
    "@babel/plugin-proposal-json-strings": {
      "version": "7.8.3",
      "resolved": "https://registry.npmjs.org/@babel/plugin-proposal-json-strings/-/plugin-proposal-json-strings-7.8.3.tgz",
      "integrity": "sha512-KGhQNZ3TVCQG/MjRbAUwuH+14y9q0tpxs1nWWs3pbSleRdDro9SAMMDyye8HhY1gqZ7/NqIc8SKhya0wRDgP1Q==",
      "dev": true,
      "requires": {
        "@babel/helper-plugin-utils": "^7.8.3",
        "@babel/plugin-syntax-json-strings": "^7.8.0"
      }
    },
    "@babel/plugin-proposal-nullish-coalescing-operator": {
      "version": "7.8.3",
      "resolved": "https://registry.npmjs.org/@babel/plugin-proposal-nullish-coalescing-operator/-/plugin-proposal-nullish-coalescing-operator-7.8.3.tgz",
      "integrity": "sha512-TS9MlfzXpXKt6YYomudb/KU7nQI6/xnapG6in1uZxoxDghuSMZsPb6D2fyUwNYSAp4l1iR7QtFOjkqcRYcUsfw==",
      "dev": true,
      "requires": {
        "@babel/helper-plugin-utils": "^7.8.3",
        "@babel/plugin-syntax-nullish-coalescing-operator": "^7.8.0"
      }
    },
    "@babel/plugin-proposal-optional-chaining": {
      "version": "7.8.3",
      "resolved": "https://registry.npmjs.org/@babel/plugin-proposal-optional-chaining/-/plugin-proposal-optional-chaining-7.8.3.tgz",
      "integrity": "sha512-QIoIR9abkVn+seDE3OjA08jWcs3eZ9+wJCKSRgo3WdEU2csFYgdScb+8qHB3+WXsGJD55u+5hWCISI7ejXS+kg==",
      "dev": true,
      "requires": {
        "@babel/helper-plugin-utils": "^7.8.3",
        "@babel/plugin-syntax-optional-chaining": "^7.8.0"
      }
    },
    "@babel/plugin-syntax-dynamic-import": {
      "version": "7.8.3",
      "resolved": "https://registry.npmjs.org/@babel/plugin-syntax-dynamic-import/-/plugin-syntax-dynamic-import-7.8.3.tgz",
      "integrity": "sha512-5gdGbFon+PszYzqs83S3E5mpi7/y/8M9eC90MRTZfduQOYW76ig6SOSPNe41IG5LoP3FGBn2N0RjVDSQiS94kQ==",
      "dev": true,
      "requires": {
        "@babel/helper-plugin-utils": "^7.8.0"
      }
    },
    "@babel/plugin-syntax-json-strings": {
      "version": "7.8.3",
      "resolved": "https://registry.npmjs.org/@babel/plugin-syntax-json-strings/-/plugin-syntax-json-strings-7.8.3.tgz",
      "integrity": "sha512-lY6kdGpWHvjoe2vk4WrAapEuBR69EMxZl+RoGRhrFGNYVK8mOPAW8VfbT/ZgrFbXlDNiiaxQnAtgVCZ6jv30EA==",
      "dev": true,
      "requires": {
        "@babel/helper-plugin-utils": "^7.8.0"
      }
    },
    "@babel/plugin-syntax-nullish-coalescing-operator": {
      "version": "7.8.3",
      "resolved": "https://registry.npmjs.org/@babel/plugin-syntax-nullish-coalescing-operator/-/plugin-syntax-nullish-coalescing-operator-7.8.3.tgz",
      "integrity": "sha512-aSff4zPII1u2QD7y+F8oDsz19ew4IGEJg9SVW+bqwpwtfFleiQDMdzA/R+UlWDzfnHFCxxleFT0PMIrR36XLNQ==",
      "dev": true,
      "requires": {
        "@babel/helper-plugin-utils": "^7.8.0"
      }
    },
    "@babel/plugin-syntax-optional-chaining": {
      "version": "7.8.3",
      "resolved": "https://registry.npmjs.org/@babel/plugin-syntax-optional-chaining/-/plugin-syntax-optional-chaining-7.8.3.tgz",
      "integrity": "sha512-KoK9ErH1MBlCPxV0VANkXW2/dw4vlbGDrFgz8bmUsBGYkFRcbRwMh6cIJubdPrkxRwuGdtCk0v/wPTKbQgBjkg==",
      "dev": true,
      "requires": {
        "@babel/helper-plugin-utils": "^7.8.0"
      }
    },
    "install": {
      "version": "0.13.0",
      "resolved": "https://registry.npmjs.org/install/-/install-0.13.0.tgz",
      "integrity": "sha512-zDml/jzr2PKU9I8J/xyZBQn8rPCAY//UOYNmR01XwNwyfhEWObo2SWfSl1+0tm1u6PhxLwDnfsT/6jB7OUxqFA=="
    }
  }
}
